// !$*UTF8*$!
{
	archiveVersion = 1;
	classes = {
	};
	objectVersion = 77;
	objects = {

/* Begin PBXBuildFile section */
		0435B2102E63831100D64BDD /* SwiftSoup in Frameworks */ = {isa = PBXBuildFile; productRef = 0435B20F2E63831100D64BDD /* SwiftSoup */; };
		0435B2212E6CE52F00D64BDD /* SWXMLHash in Frameworks */ = {isa = PBXBuildFile; productRef = 0435B2202E6CE52F00D64BDD /* SWXMLHash */; };
/* End PBXBuildFile section */

/* Begin PBXContainerItemProxy section */
		04DD76E22E631CBB00E78D60 /* PBXContainerItemProxy */ = {
			isa = PBXContainerItemProxy;
			containerPortal = 04DD76CA2E631CBA00E78D60 /* Project object */;
			proxyType = 1;
			remoteGlobalIDString = 04DD76D12E631CBA00E78D60;
			remoteInfo = narfle;
		};
		04DD76EC2E631CBB00E78D60 /* PBXContainerItemProxy */ = {
			isa = PBXContainerItemProxy;
			containerPortal = 04DD76CA2E631CBA00E78D60 /* Project object */;
			proxyType = 1;
			remoteGlobalIDString = 04DD76D12E631CBA00E78D60;
			remoteInfo = narfle;
		};
/* End PBXContainerItemProxy section */

/* Begin PBXFileReference section */
		04DD76D22E631CBA00E78D60 /* narfle.app */ = {isa = PBXFileReference; explicitFileType = wrapper.application; includeInIndex = 0; path = narfle.app; sourceTree = BUILT_PRODUCTS_DIR; };
		04DD76E12E631CBB00E78D60 /* narfleTests.xctest */ = {isa = PBXFileReference; explicitFileType = wrapper.cfbundle; includeInIndex = 0; path = narfleTests.xctest; sourceTree = BUILT_PRODUCTS_DIR; };
		04DD76EB2E631CBB00E78D60 /* narfleUITests.xctest */ = {isa = PBXFileReference; explicitFileType = wrapper.cfbundle; includeInIndex = 0; path = narfleUITests.xctest; sourceTree = BUILT_PRODUCTS_DIR; };
/* End PBXFileReference section */

/* Begin PBXFileSystemSynchronizedBuildFileExceptionSet section */
		0435B1FB2E63289300D64BDD /* Exceptions for "narfle" folder in "narfle" target */ = {
			isa = PBXFileSystemSynchronizedBuildFileExceptionSet;
			membershipExceptions = (
				Info.plist,
			);
			target = 04DD76D12E631CBA00E78D60 /* narfle */;
		};
/* End PBXFileSystemSynchronizedBuildFileExceptionSet section */

/* Begin PBXFileSystemSynchronizedRootGroup section */
		04DD76D42E631CBA00E78D60 /* narfle */ = {
			isa = PBXFileSystemSynchronizedRootGroup;
			exceptions = (
				0435B1FB2E63289300D64BDD /* Exceptions for "narfle" folder in "narfle" target */,
			);
			path = narfle;
			sourceTree = "<group>";
		};
		04DD76E42E631CBB00E78D60 /* narfleTests */ = {
			isa = PBXFileSystemSynchronizedRootGroup;
			path = narfleTests;
			sourceTree = "<group>";
		};
		04DD76EE2E631CBB00E78D60 /* narfleUITests */ = {
			isa = PBXFileSystemSynchronizedRootGroup;
			path = narfleUITests;
			sourceTree = "<group>";
		};
/* End PBXFileSystemSynchronizedRootGroup section */

/* Begin PBXFrameworksBuildPhase section */
		04DD76CF2E631CBA00E78D60 /* Frameworks */ = {
			isa = PBXFrameworksBuildPhase;
			buildActionMask = 2147483647;
			files = (
				0435B2212E6CE52F00D64BDD /* SWXMLHash in Frameworks */,
				0435B2102E63831100D64BDD /* SwiftSoup in Frameworks */,
			);
			runOnlyForDeploymentPostprocessing = 0;
		};
		04DD76DE2E631CBB00E78D60 /* Frameworks */ = {
			isa = PBXFrameworksBuildPhase;
			buildActionMask = 2147483647;
			files = (
			);
			runOnlyForDeploymentPostprocessing = 0;
		};
		04DD76E82E631CBB00E78D60 /* Frameworks */ = {
			isa = PBXFrameworksBuildPhase;
			buildActionMask = 2147483647;
			files = (
			);
			runOnlyForDeploymentPostprocessing = 0;
		};
/* End PBXFrameworksBuildPhase section */

/* Begin PBXGroup section */
		04DD76C92E631CB900E78D60 = {
			isa = PBXGroup;
			children = (
				04DD76D42E631CBA00E78D60 /* narfle */,
				04DD76E42E631CBB00E78D60 /* narfleTests */,
				04DD76EE2E631CBB00E78D60 /* narfleUITests */,
				04DD76D32E631CBA00E78D60 /* Products */,
			);
			sourceTree = "<group>";
		};
		04DD76D32E631CBA00E78D60 /* Products */ = {
			isa = PBXGroup;
			children = (
				04DD76D22E631CBA00E78D60 /* narfle.app */,
				04DD76E12E631CBB00E78D60 /* narfleTests.xctest */,
				04DD76EB2E631CBB00E78D60 /* narfleUITests.xctest */,
			);
			name = Products;
			sourceTree = "<group>";
		};
/* End PBXGroup section */

/* Begin PBXNativeTarget section */
		04DD76D12E631CBA00E78D60 /* narfle */ = {
			isa = PBXNativeTarget;
			buildConfigurationList = 04DD76F52E631CBB00E78D60 /* Build configuration list for PBXNativeTarget "narfle" */;
			buildPhases = (
				04DD76CE2E631CBA00E78D60 /* Sources */,
				04DD76CF2E631CBA00E78D60 /* Frameworks */,
				04DD76D02E631CBA00E78D60 /* Resources */,
			);
			buildRules = (
			);
			dependencies = (
			);
			fileSystemSynchronizedGroups = (
				04DD76D42E631CBA00E78D60 /* narfle */,
			);
			name = narfle;
			packageProductDependencies = (
				0435B20F2E63831100D64BDD /* SwiftSoup */,
				0435B2202E6CE52F00D64BDD /* SWXMLHash */,
			);
			productName = narfle;
			productReference = 04DD76D22E631CBA00E78D60 /* narfle.app */;
			productType = "com.apple.product-type.application";
		};
		04DD76E02E631CBB00E78D60 /* narfleTests */ = {
			isa = PBXNativeTarget;
			buildConfigurationList = 04DD76F82E631CBB00E78D60 /* Build configuration list for PBXNativeTarget "narfleTests" */;
			buildPhases = (
				04DD76DD2E631CBB00E78D60 /* Sources */,
				04DD76DE2E631CBB00E78D60 /* Frameworks */,
				04DD76DF2E631CBB00E78D60 /* Resources */,
			);
			buildRules = (
			);
			dependencies = (
				04DD76E32E631CBB00E78D60 /* PBXTargetDependency */,
			);
			fileSystemSynchronizedGroups = (
				04DD76E42E631CBB00E78D60 /* narfleTests */,
			);
			name = narfleTests;
			packageProductDependencies = (
			);
			productName = narfleTests;
			productReference = 04DD76E12E631CBB00E78D60 /* narfleTests.xctest */;
			productType = "com.apple.product-type.bundle.unit-test";
		};
		04DD76EA2E631CBB00E78D60 /* narfleUITests */ = {
			isa = PBXNativeTarget;
			buildConfigurationList = 04DD76FB2E631CBB00E78D60 /* Build configuration list for PBXNativeTarget "narfleUITests" */;
			buildPhases = (
				04DD76E72E631CBB00E78D60 /* Sources */,
				04DD76E82E631CBB00E78D60 /* Frameworks */,
				04DD76E92E631CBB00E78D60 /* Resources */,
			);
			buildRules = (
			);
			dependencies = (
				04DD76ED2E631CBB00E78D60 /* PBXTargetDependency */,
			);
			fileSystemSynchronizedGroups = (
				04DD76EE2E631CBB00E78D60 /* narfleUITests */,
			);
			name = narfleUITests;
			packageProductDependencies = (
			);
			productName = narfleUITests;
			productReference = 04DD76EB2E631CBB00E78D60 /* narfleUITests.xctest */;
			productType = "com.apple.product-type.bundle.ui-testing";
		};
/* End PBXNativeTarget section */

/* Begin PBXProject section */
		04DD76CA2E631CBA00E78D60 /* Project object */ = {
			isa = PBXProject;
			attributes = {
				BuildIndependentTargetsInParallel = 1;
				LastSwiftUpdateCheck = 1630;
				LastUpgradeCheck = 1630;
				TargetAttributes = {
					04DD76D12E631CBA00E78D60 = {
						CreatedOnToolsVersion = 16.3;
					};
					04DD76E02E631CBB00E78D60 = {
						CreatedOnToolsVersion = 16.3;
						TestTargetID = 04DD76D12E631CBA00E78D60;
					};
					04DD76EA2E631CBB00E78D60 = {
						CreatedOnToolsVersion = 16.3;
						TestTargetID = 04DD76D12E631CBA00E78D60;
					};
				};
			};
			buildConfigurationList = 04DD76CD2E631CBA00E78D60 /* Build configuration list for PBXProject "narfle" */;
			developmentRegion = en;
			hasScannedForEncodings = 0;
			knownRegions = (
				en,
				Base,
			);
			mainGroup = 04DD76C92E631CB900E78D60;
			minimizedProjectReferenceProxies = 1;
			packageReferences = (
				0435B20E2E63831100D64BDD /* XCRemoteSwiftPackageReference "SwiftSoup" */,
				0435B21F2E6CE37000D64BDD /* XCRemoteSwiftPackageReference "SWXMLHash" */,
			);
			preferredProjectObjectVersion = 77;
			productRefGroup = 04DD76D32E631CBA00E78D60 /* Products */;
			projectDirPath = "";
			projectRoot = "";
			targets = (
				04DD76D12E631CBA00E78D60 /* narfle */,
				04DD76E02E631CBB00E78D60 /* narfleTests */,
				04DD76EA2E631CBB00E78D60 /* narfleUITests */,
			);
		};
/* End PBXProject section */

/* Begin PBXResourcesBuildPhase section */
		04DD76D02E631CBA00E78D60 /* Resources */ = {
			isa = PBXResourcesBuildPhase;
			buildActionMask = 2147483647;
			files = (
			);
			runOnlyForDeploymentPostprocessing = 0;
		};
		04DD76DF2E631CBB00E78D60 /* Resources */ = {
			isa = PBXResourcesBuildPhase;
			buildActionMask = 2147483647;
			files = (
			);
			runOnlyForDeploymentPostprocessing = 0;
		};
		04DD76E92E631CBB00E78D60 /* Resources */ = {
			isa = PBXResourcesBuildPhase;
			buildActionMask = 2147483647;
			files = (
			);
			runOnlyForDeploymentPostprocessing = 0;
		};
/* End PBXResourcesBuildPhase section */

/* Begin PBXSourcesBuildPhase section */
		04DD76CE2E631CBA00E78D60 /* Sources */ = {
			isa = PBXSourcesBuildPhase;
			buildActionMask = 2147483647;
			files = (
			);
			runOnlyForDeploymentPostprocessing = 0;
		};
		04DD76DD2E631CBB00E78D60 /* Sources */ = {
			isa = PBXSourcesBuildPhase;
			buildActionMask = 2147483647;
			files = (
			);
			runOnlyForDeploymentPostprocessing = 0;
		};
		04DD76E72E631CBB00E78D60 /* Sources */ = {
			isa = PBXSourcesBuildPhase;
			buildActionMask = 2147483647;
			files = (
			);
			runOnlyForDeploymentPostprocessing = 0;
		};
/* End PBXSourcesBuildPhase section */

/* Begin PBXTargetDependency section */
		04DD76E32E631CBB00E78D60 /* PBXTargetDependency */ = {
			isa = PBXTargetDependency;
			target = 04DD76D12E631CBA00E78D60 /* narfle */;
			targetProxy = 04DD76E22E631CBB00E78D60 /* PBXContainerItemProxy */;
		};
		04DD76ED2E631CBB00E78D60 /* PBXTargetDependency */ = {
			isa = PBXTargetDependency;
			target = 04DD76D12E631CBA00E78D60 /* narfle */;
			targetProxy = 04DD76EC2E631CBB00E78D60 /* PBXContainerItemProxy */;
		};
/* End PBXTargetDependency section */

/* Begin XCBuildConfiguration section */
		04DD76F32E631CBB00E78D60 /* Debug */ = {
			isa = XCBuildConfiguration;
			buildSettings = {
				ALWAYS_SEARCH_USER_PATHS = NO;
				ASSETCATALOG_COMPILER_GENERATE_SWIFT_ASSET_SYMBOL_EXTENSIONS = YES;
				CLANG_ANALYZER_NONNULL = YES;
				CLANG_ANALYZER_NUMBER_OBJECT_CONVERSION = YES_AGGRESSIVE;
				CLANG_CXX_LANGUAGE_STANDARD = "gnu++20";
				CLANG_ENABLE_MODULES = YES;
				CLANG_ENABLE_OBJC_ARC = YES;
				CLANG_ENABLE_OBJC_WEAK = YES;
				CLANG_WARN_BLOCK_CAPTURE_AUTORELEASING = YES;
				CLANG_WARN_BOOL_CONVERSION = YES;
				CLANG_WARN_COMMA = YES;
				CLANG_WARN_CONSTANT_CONVERSION = YES;
				CLANG_WARN_DEPRECATED_OBJC_IMPLEMENTATIONS = YES;
				CLANG_WARN_DIRECT_OBJC_ISA_USAGE = YES_ERROR;
				CLANG_WARN_DOCUMENTATION_COMMENTS = YES;
				CLANG_WARN_EMPTY_BODY = YES;
				CLANG_WARN_ENUM_CONVERSION = YES;
				CLANG_WARN_INFINITE_RECURSION = YES;
				CLANG_WARN_INT_CONVERSION = YES;
				CLANG_WARN_NON_LITERAL_NULL_CONVERSION = YES;
				CLANG_WARN_OBJC_IMPLICIT_RETAIN_SELF = YES;
				CLANG_WARN_OBJC_LITERAL_CONVERSION = YES;
				CLANG_WARN_OBJC_ROOT_CLASS = YES_ERROR;
				CLANG_WARN_QUOTED_INCLUDE_IN_FRAMEWORK_HEADER = YES;
				CLANG_WARN_RANGE_LOOP_ANALYSIS = YES;
				CLANG_WARN_STRICT_PROTOTYPES = YES;
				CLANG_WARN_SUSPICIOUS_MOVE = YES;
				CLANG_WARN_UNGUARDED_AVAILABILITY = YES_AGGRESSIVE;
				CLANG_WARN_UNREACHABLE_CODE = YES;
				CLANG_WARN__DUPLICATE_METHOD_MATCH = YES;
				COPY_PHASE_STRIP = NO;
				DEBUG_INFORMATION_FORMAT = dwarf;
				DEVELOPMENT_TEAM = 5222WK7JM3;
				ENABLE_STRICT_OBJC_MSGSEND = YES;
				ENABLE_TESTABILITY = YES;
				ENABLE_USER_SCRIPT_SANDBOXING = YES;
				GCC_C_LANGUAGE_STANDARD = gnu17;
				GCC_DYNAMIC_NO_PIC = NO;
				GCC_NO_COMMON_BLOCKS = YES;
				GCC_OPTIMIZATION_LEVEL = 0;
				GCC_PREPROCESSOR_DEFINITIONS = (
					"DEBUG=1",
					"$(inherited)",
				);
				GCC_WARN_64_TO_32_BIT_CONVERSION = YES;
				GCC_WARN_ABOUT_RETURN_TYPE = YES_ERROR;
				GCC_WARN_UNDECLARED_SELECTOR = YES;
				GCC_WARN_UNINITIALIZED_AUTOS = YES_AGGRESSIVE;
				GCC_WARN_UNUSED_FUNCTION = YES;
				GCC_WARN_UNUSED_VARIABLE = YES;
				IPHONEOS_DEPLOYMENT_TARGET = 18.4;
				LOCALIZATION_PREFERS_STRING_CATALOGS = YES;
				MTL_ENABLE_DEBUG_INFO = INCLUDE_SOURCE;
				MTL_FAST_MATH = YES;
				ONLY_ACTIVE_ARCH = YES;
				SDKROOT = iphoneos;
				SWIFT_ACTIVE_COMPILATION_CONDITIONS = "DEBUG $(inherited)";
				SWIFT_OPTIMIZATION_LEVEL = "-Onone";
			};
			name = Debug;
		};
		04DD76F42E631CBB00E78D60 /* Release */ = {
			isa = XCBuildConfiguration;
			buildSettings = {
				ALWAYS_SEARCH_USER_PATHS = NO;
				ASSETCATALOG_COMPILER_GENERATE_SWIFT_ASSET_SYMBOL_EXTENSIONS = YES;
				CLANG_ANALYZER_NONNULL = YES;
				CLANG_ANALYZER_NUMBER_OBJECT_CONVERSION = YES_AGGRESSIVE;
				CLANG_CXX_LANGUAGE_STANDARD = "gnu++20";
				CLANG_ENABLE_MODULES = YES;
				CLANG_ENABLE_OBJC_ARC = YES;
				CLANG_ENABLE_OBJC_WEAK = YES;
				CLANG_WARN_BLOCK_CAPTURE_AUTORELEASING = YES;
				CLANG_WARN_BOOL_CONVERSION = YES;
				CLANG_WARN_COMMA = YES;
				CLANG_WARN_CONSTANT_CONVERSION = YES;
				CLANG_WARN_DEPRECATED_OBJC_IMPLEMENTATIONS = YES;
				CLANG_WARN_DIRECT_OBJC_ISA_USAGE = YES_ERROR;
				CLANG_WARN_DOCUMENTATION_COMMENTS = YES;
				CLANG_WARN_EMPTY_BODY = YES;
				CLANG_WARN_ENUM_CONVERSION = YES;
				CLANG_WARN_INFINITE_RECURSION = YES;
				CLANG_WARN_INT_CONVERSION = YES;
				CLANG_WARN_NON_LITERAL_NULL_CONVERSION = YES;
				CLANG_WARN_OBJC_IMPLICIT_RETAIN_SELF = YES;
				CLANG_WARN_OBJC_LITERAL_CONVERSION = YES;
				CLANG_WARN_OBJC_ROOT_CLASS = YES_ERROR;
				CLANG_WARN_QUOTED_INCLUDE_IN_FRAMEWORK_HEADER = YES;
				CLANG_WARN_RANGE_LOOP_ANALYSIS = YES;
				CLANG_WARN_STRICT_PROTOTYPES = YES;
				CLANG_WARN_SUSPICIOUS_MOVE = YES;
				CLANG_WARN_UNGUARDED_AVAILABILITY = YES_AGGRESSIVE;
				CLANG_WARN_UNREACHABLE_CODE = YES;
				CLANG_WARN__DUPLICATE_METHOD_MATCH = YES;
				COPY_PHASE_STRIP = NO;
				DEBUG_INFORMATION_FORMAT = "dwarf-with-dsym";
				DEVELOPMENT_TEAM = 5222WK7JM3;
				ENABLE_NS_ASSERTIONS = NO;
				ENABLE_STRICT_OBJC_MSGSEND = YES;
				ENABLE_USER_SCRIPT_SANDBOXING = YES;
				GCC_C_LANGUAGE_STANDARD = gnu17;
				GCC_NO_COMMON_BLOCKS = YES;
				GCC_WARN_64_TO_32_BIT_CONVERSION = YES;
				GCC_WARN_ABOUT_RETURN_TYPE = YES_ERROR;
				GCC_WARN_UNDECLARED_SELECTOR = YES;
				GCC_WARN_UNINITIALIZED_AUTOS = YES_AGGRESSIVE;
				GCC_WARN_UNUSED_FUNCTION = YES;
				GCC_WARN_UNUSED_VARIABLE = YES;
				IPHONEOS_DEPLOYMENT_TARGET = 18.4;
				LOCALIZATION_PREFERS_STRING_CATALOGS = YES;
				MTL_ENABLE_DEBUG_INFO = NO;
				MTL_FAST_MATH = YES;
				SDKROOT = iphoneos;
				SWIFT_COMPILATION_MODE = wholemodule;
				VALIDATE_PRODUCT = YES;
			};
			name = Release;
		};
		04DD76F62E631CBB00E78D60 /* Debug */ = {
			isa = XCBuildConfiguration;
			buildSettings = {
				ASSETCATALOG_COMPILER_APPICON_NAME = AppIcon;
				ASSETCATALOG_COMPILER_GLOBAL_ACCENT_COLOR_NAME = AccentColor;
				CODE_SIGN_STYLE = Automatic;
				CURRENT_PROJECT_VERSION = 1;
				DEVELOPMENT_TEAM = 5222WK7JM3;
				ENABLE_PREVIEWS = YES;
				GENERATE_INFOPLIST_FILE = YES;
				INFOPLIST_FILE = narfle/Info.plist;
				INFOPLIST_KEY_UIApplicationSceneManifest_Generation = YES;
				INFOPLIST_KEY_UIApplicationSupportsIndirectInputEvents = YES;
				INFOPLIST_KEY_UILaunchScreen_Generation = YES;
				INFOPLIST_KEY_UISupportedInterfaceOrientations_iPad = "UIInterfaceOrientationPortrait UIInterfaceOrientationPortraitUpsideDown UIInterfaceOrientationLandscapeLeft UIInterfaceOrientationLandscapeRight";
				INFOPLIST_KEY_UISupportedInterfaceOrientations_iPhone = "UIInterfaceOrientationPortrait UIInterfaceOrientationLandscapeLeft UIInterfaceOrientationLandscapeRight";
				LD_RUNPATH_SEARCH_PATHS = (
					"$(inherited)",
					"@executable_path/Frameworks",
				);
				MARKETING_VERSION = 1.0;
				PRODUCT_BUNDLE_IDENTIFIER = veranil.narfle;
				PRODUCT_NAME = "$(TARGET_NAME)";
				SWIFT_EMIT_LOC_STRINGS = YES;
				SWIFT_VERSION = 5.0;
				TARGETED_DEVICE_FAMILY = "1,2";
			};
			name = Debug;
		};
		04DD76F72E631CBB00E78D60 /* Release */ = {
			isa = XCBuildConfiguration;
			buildSettings = {
				ASSETCATALOG_COMPILER_APPICON_NAME = AppIcon;
				ASSETCATALOG_COMPILER_GLOBAL_ACCENT_COLOR_NAME = AccentColor;
				CODE_SIGN_STYLE = Automatic;
				CURRENT_PROJECT_VERSION = 1;
				DEVELOPMENT_TEAM = 5222WK7JM3;
				ENABLE_PREVIEWS = YES;
				GENERATE_INFOPLIST_FILE = YES;
				INFOPLIST_FILE = narfle/Info.plist;
				INFOPLIST_KEY_UIApplicationSceneManifest_Generation = YES;
				INFOPLIST_KEY_UIApplicationSupportsIndirectInputEvents = YES;
				INFOPLIST_KEY_UILaunchScreen_Generation = YES;
				INFOPLIST_KEY_UISupportedInterfaceOrientations_iPad = "UIInterfaceOrientationPortrait UIInterfaceOrientationPortraitUpsideDown UIInterfaceOrientationLandscapeLeft UIInterfaceOrientationLandscapeRight";
				INFOPLIST_KEY_UISupportedInterfaceOrientations_iPhone = "UIInterfaceOrientationPortrait UIInterfaceOrientationLandscapeLeft UIInterfaceOrientationLandscapeRight";
				LD_RUNPATH_SEARCH_PATHS = (
					"$(inherited)",
					"@executable_path/Frameworks",
				);
				MARKETING_VERSION = 1.0;
				PRODUCT_BUNDLE_IDENTIFIER = veranil.narfle;
				PRODUCT_NAME = "$(TARGET_NAME)";
				SWIFT_EMIT_LOC_STRINGS = YES;
				SWIFT_VERSION = 5.0;
				TARGETED_DEVICE_FAMILY = "1,2";
			};
			name = Release;
		};
		04DD76F92E631CBB00E78D60 /* Debug */ = {
			isa = XCBuildConfiguration;
			buildSettings = {
				BUNDLE_LOADER = "$(TEST_HOST)";
				CODE_SIGN_STYLE = Automatic;
				CURRENT_PROJECT_VERSION = 1;
				DEVELOPMENT_TEAM = 5222WK7JM3;
				GENERATE_INFOPLIST_FILE = YES;
				IPHONEOS_DEPLOYMENT_TARGET = 18.4;
				MARKETING_VERSION = 1.0;
				PRODUCT_BUNDLE_IDENTIFIER = veranil.narfleTests;
				PRODUCT_NAME = "$(TARGET_NAME)";
				SWIFT_EMIT_LOC_STRINGS = NO;
				SWIFT_VERSION = 5.0;
				TARGETED_DEVICE_FAMILY = "1,2";
				TEST_HOST = "$(BUILT_PRODUCTS_DIR)/narfle.app/$(BUNDLE_EXECUTABLE_FOLDER_PATH)/narfle";
			};
			name = Debug;
		};
		04DD76FA2E631CBB00E78D60 /* Release */ = {
			isa = XCBuildConfiguration;
			buildSettings = {
				BUNDLE_LOADER = "$(TEST_HOST)";
				CODE_SIGN_STYLE = Automatic;
				CURRENT_PROJECT_VERSION = 1;
				DEVELOPMENT_TEAM = 5222WK7JM3;
				GENERATE_INFOPLIST_FILE = YES;
				IPHONEOS_DEPLOYMENT_TARGET = 18.4;
				MARKETING_VERSION = 1.0;
				PRODUCT_BUNDLE_IDENTIFIER = veranil.narfleTests;
				PRODUCT_NAME = "$(TARGET_NAME)";
				SWIFT_EMIT_LOC_STRINGS = NO;
				SWIFT_VERSION = 5.0;
				TARGETED_DEVICE_FAMILY = "1,2";
				TEST_HOST = "$(BUILT_PRODUCTS_DIR)/narfle.app/$(BUNDLE_EXECUTABLE_FOLDER_PATH)/narfle";
			};
			name = Release;
		};
		04DD76FC2E631CBB00E78D60 /* Debug */ = {
			isa = XCBuildConfiguration;
			buildSettings = {
				CODE_SIGN_STYLE = Automatic;
				CURRENT_PROJECT_VERSION = 1;
				DEVELOPMENT_TEAM = 5222WK7JM3;
				GENERATE_INFOPLIST_FILE = YES;
				MARKETING_VERSION = 1.0;
				PRODUCT_BUNDLE_IDENTIFIER = veranil.narfleUITests;
				PRODUCT_NAME = "$(TARGET_NAME)";
				SWIFT_EMIT_LOC_STRINGS = NO;
				SWIFT_VERSION = 5.0;
				TARGETED_DEVICE_FAMILY = "1,2";
				TEST_TARGET_NAME = narfle;
			};
			name = Debug;
		};
		04DD76FD2E631CBB00E78D60 /* Release */ = {
			isa = XCBuildConfiguration;
			buildSettings = {
				CODE_SIGN_STYLE = Automatic;
				CURRENT_PROJECT_VERSION = 1;
				DEVELOPMENT_TEAM = 5222WK7JM3;
				GENERATE_INFOPLIST_FILE = YES;
				MARKETING_VERSION = 1.0;
				PRODUCT_BUNDLE_IDENTIFIER = veranil.narfleUITests;
				PRODUCT_NAME = "$(TARGET_NAME)";
				SWIFT_EMIT_LOC_STRINGS = NO;
				SWIFT_VERSION = 5.0;
				TARGETED_DEVICE_FAMILY = "1,2";
				TEST_TARGET_NAME = narfle;
			};
			name = Release;
		};
/* End XCBuildConfiguration section */

/* Begin XCConfigurationList section */
		04DD76CD2E631CBA00E78D60 /* Build configuration list for PBXProject "narfle" */ = {
			isa = XCConfigurationList;
			buildConfigurations = (
				04DD76F32E631CBB00E78D60 /* Debug */,
				04DD76F42E631CBB00E78D60 /* Release */,
			);
			defaultConfigurationIsVisible = 0;
			defaultConfigurationName = Release;
		};
		04DD76F52E631CBB00E78D60 /* Build configuration list for PBXNativeTarget "narfle" */ = {
			isa = XCConfigurationList;
			buildConfigurations = (
				04DD76F62E631CBB00E78D60 /* Debug */,
				04DD76F72E631CBB00E78D60 /* Release */,
			);
			defaultConfigurationIsVisible = 0;
			defaultConfigurationName = Release;
		};
		04DD76F82E631CBB00E78D60 /* Build configuration list for PBXNativeTarget "narfleTests" */ = {
			isa = XCConfigurationList;
			buildConfigurations = (
				04DD76F92E631CBB00E78D60 /* Debug */,
				04DD76FA2E631CBB00E78D60 /* Release */,
			);
			defaultConfigurationIsVisible = 0;
			defaultConfigurationName = Release;
		};
		04DD76FB2E631CBB00E78D60 /* Build configuration list for PBXNativeTarget "narfleUITests" */ = {
			isa = XCConfigurationList;
			buildConfigurations = (
				04DD76FC2E631CBB00E78D60 /* Debug */,
				04DD76FD2E631CBB00E78D60 /* Release */,
			);
			defaultConfigurationIsVisible = 0;
			defaultConfigurationName = Release;
		};
/* End XCConfigurationList section */

/* Begin XCRemoteSwiftPackageReference section */
		0435B20E2E63831100D64BDD /* XCRemoteSwiftPackageReference "SwiftSoup" */ = {
			isa = XCRemoteSwiftPackageReference;
			repositoryURL = "https://github.com/scinfu/SwiftSoup.git";
			requirement = {
				kind = upToNextMajorVersion;
				minimumVersion = 2.11.0;
			};
		};
		0435B21F2E6CE37000D64BDD /* XCRemoteSwiftPackageReference "SWXMLHash" */ = {
			isa = XCRemoteSwiftPackageReference;
			repositoryURL = "https://github.com/drmohundro/SWXMLHash.git";
			requirement = {
				kind = upToNextMajorVersion;
				minimumVersion = 8.1.1;
			};
		};
/* End XCRemoteSwiftPackageReference section */

/* Begin XCSwiftPackageProductDependency section */
		0435B20F2E63831100D64BDD /* SwiftSoup */ = {
			isa = XCSwiftPackageProductDependency;
			package = 0435B20E2E63831100D64BDD /* XCRemoteSwiftPackageReference "SwiftSoup" */;
			productName = SwiftSoup;
		};
		0435B2202E6CE52F00D64BDD /* SWXMLHash */ = {
			isa = XCSwiftPackageProductDependency;
			package = 0435B21F2E6CE37000D64BDD /* XCRemoteSwiftPackageReference "SWXMLHash" */;
			productName = SWXMLHash;
		};
/* End XCSwiftPackageProductDependency section */
	};
	rootObject = 04DD76CA2E631CBA00E78D60 /* Project object */;
}
